
Microsoft Visual Studio Solution File, Format Version 12.00
# Visual Studio 14
VisualStudioVersion = 14.0.24720.0
MinimumVisualStudioVersion = 10.0.40219.1
Project("{FAE04EC0-301F-11D3-BF4B-00C04F79EFBC}") = "PlaceToPlay.Api", "PlaceToPlay.Api\PlaceToPlay.Api.csproj", "{02CCDC32-CDE4-4E94-8629-ABF3D21D4606}"
EndProject
Project("{FAE04EC0-301F-11D3-BF4B-00C04F79EFBC}") = "PlaceToPlay.Domain.Services", "PlaceToPlay.Domain.Services\PlaceToPlay.Domain.Services.csproj", "{6BABD24E-BE8D-45B5-A0AB-678535EBA60B}"
EndProject
Global
	GlobalSection(SolutionConfigurationPlatforms) = preSolution
		Debug|Any CPU = Debug|Any CPU
		Release|Any CPU = Release|Any CPU
	EndGlobalSection
	GlobalSection(ProjectConfigurationPlatforms) = postSolution
		{02CCDC32-CDE4-4E94-8629-ABF3D21D4606}.Debug|Any CPU.ActiveCfg = Debug|Any CPU
		{02CCDC32-CDE4-4E94-8629-ABF3D21D4606}.Debug|Any CPU.Build.0 = Debug|Any CPU
		{02CCDC32-CDE4-4E94-8629-ABF3D21D4606}.Release|Any CPU.ActiveCfg = Release|Any CPU
		{02CCDC32-CDE4-4E94-8629-ABF3D21D4606}.Release|Any CPU.Build.0 = Release|Any CPU
		{6BABD24E-BE8D-45B5-A0AB-678535EBA60B}.Debug|Any CPU.ActiveCfg = Debug|Any CPU
		{6BABD24E-BE8D-45B5-A0AB-678535EBA60B}.Debug|Any CPU.Build.0 = Debug|Any CPU
		{6BABD24E-BE8D-45B5-A0AB-678535EBA60B}.Release|Any CPU.ActiveCfg = Release|Any CPU
		{6BABD24E-BE8D-45B5-A0AB-678535EBA60B}.Release|Any CPU.Build.0 = Release|Any CPU
	EndGlobalSection
	GlobalSection(SolutionProperties) = preSolution
		HideSolutionNode = FALSE
	EndGlobalSection
EndGlobal
