
Microsoft Visual Studio Solution File, Format Version 12.00
# Visual Studio 14
VisualStudioVersion = 14.0.24720.0
MinimumVisualStudioVersion = 10.0.40219.1
Project("{FAE04EC0-301F-11D3-BF4B-00C04F79EFBC}") = "PlaceToPlay.Api", "PlaceToPlay.Api\PlaceToPlay.Api.csproj", "{02CCDC32-CDE4-4E94-8629-ABF3D21D4606}"
EndProject
Project("{FAE04EC0-301F-11D3-BF4B-00C04F79EFBC}") = "PlaceToPlay.Domain.Services", "PlaceToPlay.Domain.Services\PlaceToPlay.Domain.Services.csproj", "{6BABD24E-BE8D-45B5-A0AB-678535EBA60B}"
EndProject
Project("{FAE04EC0-301F-11D3-BF4B-00C04F79EFBC}") = "PlaceToPlay.Api.Infrastructure", "PlaceToPlay.Api.Infrastructure\PlaceToPlay.Api.Infrastructure.csproj", "{58DCA214-804A-4FBD-AD7A-ABE66B468B37}"
EndProject
Project("{E24C65DC-7377-472B-9ABA-BC803B73C61A}") = "PlaceToPlay.UI(4)", "PlaceToPlay.UI\", "{18259D82-44D0-44F4-A3FD-D2BAE6C0F72E}"
	ProjectSection(WebsiteProperties) = preProject
		TargetFrameworkMoniker = ".NETFramework,Version%3Dv4.5.1"
		Debug.AspNetCompiler.VirtualPath = "/localhost_62430"
		Debug.AspNetCompiler.PhysicalPath = "PlaceToPlay.UI\"
		Debug.AspNetCompiler.TargetPath = "PrecompiledWeb\localhost_62430\"
		Debug.AspNetCompiler.Updateable = "true"
		Debug.AspNetCompiler.ForceOverwrite = "true"
		Debug.AspNetCompiler.FixedNames = "false"
		Debug.AspNetCompiler.Debug = "True"
		Release.AspNetCompiler.VirtualPath = "/localhost_62430"
		Release.AspNetCompiler.PhysicalPath = "PlaceToPlay.UI\"
		Release.AspNetCompiler.TargetPath = "PrecompiledWeb\localhost_62430\"
		Release.AspNetCompiler.Updateable = "true"
		Release.AspNetCompiler.ForceOverwrite = "true"
		Release.AspNetCompiler.FixedNames = "false"
		Release.AspNetCompiler.Debug = "False"
		VWDPort = "62430"
		SlnRelativePath = "PlaceToPlay.UI\"
		DefaultWebSiteLanguage = "Visual C#"
	EndProjectSection
EndProject
Project("{FAE04EC0-301F-11D3-BF4B-00C04F79EFBC}") = "PlaceToPlay.Data", "PlaceToPlay.Data\PlaceToPlay.Data.csproj", "{44BCB7C9-760C-4523-BA42-56F71E0782E6}"
EndProject
Project("{FAE04EC0-301F-11D3-BF4B-00C04F79EFBC}") = "PlaceToPlay.Data.Infrastructure", "PlaceToPlay.Data.Infrastructure\PlaceToPlay.Data.Infrastructure.csproj", "{E1E2E66D-2735-48F7-96B8-ABA247E0F697}"
EndProject
Project("{FAE04EC0-301F-11D3-BF4B-00C04F79EFBC}") = "PlaceToPlay.Domain.Models", "PlaceToPlay.Domain.Models\PlaceToPlay.Domain.Models.csproj", "{EFCF8D23-D2BD-4DA5-9A06-74F4636FEA7A}"
EndProject
Global
	GlobalSection(SolutionConfigurationPlatforms) = preSolution
		Debug|Any CPU = Debug|Any CPU
		Release|Any CPU = Release|Any CPU
	EndGlobalSection
	GlobalSection(ProjectConfigurationPlatforms) = postSolution
		{02CCDC32-CDE4-4E94-8629-ABF3D21D4606}.Debug|Any CPU.ActiveCfg = Debug|Any CPU
		{02CCDC32-CDE4-4E94-8629-ABF3D21D4606}.Debug|Any CPU.Build.0 = Debug|Any CPU
		{02CCDC32-CDE4-4E94-8629-ABF3D21D4606}.Release|Any CPU.ActiveCfg = Release|Any CPU
		{02CCDC32-CDE4-4E94-8629-ABF3D21D4606}.Release|Any CPU.Build.0 = Release|Any CPU
		{6BABD24E-BE8D-45B5-A0AB-678535EBA60B}.Debug|Any CPU.ActiveCfg = Debug|Any CPU
		{6BABD24E-BE8D-45B5-A0AB-678535EBA60B}.Debug|Any CPU.Build.0 = Debug|Any CPU
		{6BABD24E-BE8D-45B5-A0AB-678535EBA60B}.Release|Any CPU.ActiveCfg = Release|Any CPU
		{6BABD24E-BE8D-45B5-A0AB-678535EBA60B}.Release|Any CPU.Build.0 = Release|Any CPU
		{58DCA214-804A-4FBD-AD7A-ABE66B468B37}.Debug|Any CPU.ActiveCfg = Debug|Any CPU
		{58DCA214-804A-4FBD-AD7A-ABE66B468B37}.Debug|Any CPU.Build.0 = Debug|Any CPU
		{58DCA214-804A-4FBD-AD7A-ABE66B468B37}.Release|Any CPU.ActiveCfg = Release|Any CPU
		{58DCA214-804A-4FBD-AD7A-ABE66B468B37}.Release|Any CPU.Build.0 = Release|Any CPU
		{18259D82-44D0-44F4-A3FD-D2BAE6C0F72E}.Debug|Any CPU.ActiveCfg = Debug|Any CPU
		{18259D82-44D0-44F4-A3FD-D2BAE6C0F72E}.Debug|Any CPU.Build.0 = Debug|Any CPU
		{18259D82-44D0-44F4-A3FD-D2BAE6C0F72E}.Release|Any CPU.ActiveCfg = Debug|Any CPU
		{18259D82-44D0-44F4-A3FD-D2BAE6C0F72E}.Release|Any CPU.Build.0 = Debug|Any CPU
		{44BCB7C9-760C-4523-BA42-56F71E0782E6}.Debug|Any CPU.ActiveCfg = Debug|Any CPU
		{44BCB7C9-760C-4523-BA42-56F71E0782E6}.Debug|Any CPU.Build.0 = Debug|Any CPU
		{44BCB7C9-760C-4523-BA42-56F71E0782E6}.Release|Any CPU.ActiveCfg = Release|Any CPU
		{44BCB7C9-760C-4523-BA42-56F71E0782E6}.Release|Any CPU.Build.0 = Release|Any CPU
		{E1E2E66D-2735-48F7-96B8-ABA247E0F697}.Debug|Any CPU.ActiveCfg = Debug|Any CPU
		{E1E2E66D-2735-48F7-96B8-ABA247E0F697}.Debug|Any CPU.Build.0 = Debug|Any CPU
		{E1E2E66D-2735-48F7-96B8-ABA247E0F697}.Release|Any CPU.ActiveCfg = Release|Any CPU
		{E1E2E66D-2735-48F7-96B8-ABA247E0F697}.Release|Any CPU.Build.0 = Release|Any CPU
		{EFCF8D23-D2BD-4DA5-9A06-74F4636FEA7A}.Debug|Any CPU.ActiveCfg = Debug|Any CPU
		{EFCF8D23-D2BD-4DA5-9A06-74F4636FEA7A}.Debug|Any CPU.Build.0 = Debug|Any CPU
		{EFCF8D23-D2BD-4DA5-9A06-74F4636FEA7A}.Release|Any CPU.ActiveCfg = Release|Any CPU
		{EFCF8D23-D2BD-4DA5-9A06-74F4636FEA7A}.Release|Any CPU.Build.0 = Release|Any CPU
	EndGlobalSection
	GlobalSection(SolutionProperties) = preSolution
		HideSolutionNode = FALSE
	EndGlobalSection
EndGlobal
